github.com/go-chi/chi v1.5.3 h1:+DVDS9/D3MTbEu3WrrH3oz9oP6PlSPSNj8LLw3X17yU=
github.com/go-chi/chi v1.5.3/go.mod h1:Q8xfe6s3fjZyMr8ZTv5jL+vxhVaFyCq2s+RvSfzTD0E=
github.com/go-chi/render v1.0.1 h1:4/5tis2cKaNdnv9zFLfXzcquC9HbeZgCnxGnKrltBS8=
github.com/go-chi/render v1.0.1/go.mod h1:pq4Rr7HbnsdaeHagklXub+p6Wd16Af5l9koip1OvJns=
golang.org/x/sync v0.0.0-20210220032951-036812b2e83c h1:5KslGYwFpkhGh+Q16bwMP3cOontH8FOep7tGV86Y7SQ=
golang.org/x/sync v0.0.0-20210220032951-036812b2e83c/go.mod h1:RxMgew5VJxzue5/jJTE5uejpjVlOe/izrB70Jof72aM=
